
Microsoft Visual Studio Solution File, Format Version 12.00
# Visual Studio Version 16
VisualStudioVersion = 16.0.31624.102
MinimumVisualStudioVersion = 10.0.40219.1
Project("{FAE04EC0-301F-11D3-BF4B-00C04F79EFBC}") = "AndromedaWave.WebAPI", "AndromedaWave.WebAPI\AndromedaWave.WebAPI.csproj", "{9FCB1438-FF68-46B7-812D-052636F4D666}"
EndProject
Project("{FAE04EC0-301F-11D3-BF4B-00C04F79EFBC}") = "AndromedaWave.Models", "AndromedaWave.Models\AndromedaWave.Models.csproj", "{44CAC8E9-5399-4790-9778-AFB682A9BB31}"
EndProject
Project("{FAE04EC0-301F-11D3-BF4B-00C04F79EFBC}") = "AndromedaWave.Data", "AndromedaWave.Data\AndromedaWave.Data.csproj", "{68962E50-BEE7-462F-8570-04137C0E791F}"
EndProject
Project("{FAE04EC0-301F-11D3-BF4B-00C04F79EFBC}") = "AndromedaWave.Services", "AndromedaWave.Services\AndromedaWave.Services.csproj", "{C8E5E9C8-DC9F-4E16-A97F-42E3952C4EA8}"
EndProject
Global
	GlobalSection(SolutionConfigurationPlatforms) = preSolution
		Debug|Any CPU = Debug|Any CPU
		Release|Any CPU = Release|Any CPU
	EndGlobalSection
	GlobalSection(ProjectConfigurationPlatforms) = postSolution
		{9FCB1438-FF68-46B7-812D-052636F4D666}.Debug|Any CPU.ActiveCfg = Debug|Any CPU
		{9FCB1438-FF68-46B7-812D-052636F4D666}.Debug|Any CPU.Build.0 = Debug|Any CPU
		{9FCB1438-FF68-46B7-812D-052636F4D666}.Release|Any CPU.ActiveCfg = Release|Any CPU
		{9FCB1438-FF68-46B7-812D-052636F4D666}.Release|Any CPU.Build.0 = Release|Any CPU
		{44CAC8E9-5399-4790-9778-AFB682A9BB31}.Debug|Any CPU.ActiveCfg = Debug|Any CPU
		{44CAC8E9-5399-4790-9778-AFB682A9BB31}.Debug|Any CPU.Build.0 = Debug|Any CPU
		{44CAC8E9-5399-4790-9778-AFB682A9BB31}.Release|Any CPU.ActiveCfg = Release|Any CPU
		{44CAC8E9-5399-4790-9778-AFB682A9BB31}.Release|Any CPU.Build.0 = Release|Any CPU
		{68962E50-BEE7-462F-8570-04137C0E791F}.Debug|Any CPU.ActiveCfg = Debug|Any CPU
		{68962E50-BEE7-462F-8570-04137C0E791F}.Debug|Any CPU.Build.0 = Debug|Any CPU
		{68962E50-BEE7-462F-8570-04137C0E791F}.Release|Any CPU.ActiveCfg = Release|Any CPU
		{68962E50-BEE7-462F-8570-04137C0E791F}.Release|Any CPU.Build.0 = Release|Any CPU
		{C8E5E9C8-DC9F-4E16-A97F-42E3952C4EA8}.Debug|Any CPU.ActiveCfg = Debug|Any CPU
		{C8E5E9C8-DC9F-4E16-A97F-42E3952C4EA8}.Debug|Any CPU.Build.0 = Debug|Any CPU
		{C8E5E9C8-DC9F-4E16-A97F-42E3952C4EA8}.Release|Any CPU.ActiveCfg = Release|Any CPU
		{C8E5E9C8-DC9F-4E16-A97F-42E3952C4EA8}.Release|Any CPU.Build.0 = Release|Any CPU
	EndGlobalSection
	GlobalSection(SolutionProperties) = preSolution
		HideSolutionNode = FALSE
	EndGlobalSection
	GlobalSection(ExtensibilityGlobals) = postSolution
		SolutionGuid = {CAD436AF-4526-4520-8517-57833FA54033}
	EndGlobalSection
EndGlobal
